
Microsoft Visual Studio Solution File, Format Version 12.00
# Visual Studio Version 17
VisualStudioVersion = 17.11.35327.3
MinimumVisualStudioVersion = 10.0.40219.1
Project("{FAE04EC0-301F-11D3-BF4B-00C04F79EFBC}") = "Assignment 2_1", "Assignment 2_1.csproj", "{FFC5230D-EB73-429D-96D5-89906E2BE3A0}"
EndProject
Project("{2150E333-8FDC-42A3-9474-1A3956D46DE8}") = "Solution Items", "Solution Items", "{C21E4D98-1E91-435F-949C-FFF299583C50}"
EndProject
Global
	GlobalSection(SolutionConfigurationPlatforms) = preSolution
		Debug|Any CPU = Debug|Any CPU
		Release|Any CPU = Release|Any CPU
	EndGlobalSection
	GlobalSection(ProjectConfigurationPlatforms) = postSolution
		{FFC5230D-EB73-429D-96D5-89906E2BE3A0}.Debug|Any CPU.ActiveCfg = Debug|Any CPU
		{FFC5230D-EB73-429D-96D5-89906E2BE3A0}.Debug|Any CPU.Build.0 = Debug|Any CPU
		{FFC5230D-EB73-429D-96D5-89906E2BE3A0}.Release|Any CPU.ActiveCfg = Release|Any CPU
		{FFC5230D-EB73-429D-96D5-89906E2BE3A0}.Release|Any CPU.Build.0 = Release|Any CPU
	EndGlobalSection
	GlobalSection(SolutionProperties) = preSolution
		HideSolutionNode = FALSE
	EndGlobalSection
	GlobalSection(ExtensibilityGlobals) = postSolution
		SolutionGuid = {F1A305F0-DEC8-48FB-9489-7577A5DFCD5C}
	EndGlobalSection
EndGlobal
